// !$*UTF8*$!
{
	archiveVersion = 1;
	classes = {
	};
	objectVersion = 46;
	objects = {

/* Begin PBXBuildFile section */
		A0198A931E4260750029F087 /* AppDelegate.swift in Sources */ = {isa = PBXBuildFile; fileRef = A0198A921E4260750029F087 /* AppDelegate.swift */; };
		A0198A951E4260750029F087 /* ViewController.swift in Sources */ = {isa = PBXBuildFile; fileRef = A0198A941E4260750029F087 /* ViewController.swift */; };
		A0198A981E4260750029F087 /* Main.storyboard in Resources */ = {isa = PBXBuildFile; fileRef = A0198A961E4260750029F087 /* Main.storyboard */; };
		A0198A9A1E4260750029F087 /* Assets.xcassets in Resources */ = {isa = PBXBuildFile; fileRef = A0198A991E4260750029F087 /* Assets.xcassets */; };
		A0198A9D1E4260750029F087 /* LaunchScreen.storyboard in Resources */ = {isa = PBXBuildFile; fileRef = A0198A9B1E4260750029F087 /* LaunchScreen.storyboard */; };
		A0198AA81E4260750029F087 /* todoListTests.swift in Sources */ = {isa = PBXBuildFile; fileRef = A0198AA71E4260750029F087 /* todoListTests.swift */; };
		A026EC6E1E564B6100DAA5A5 /* Tasks.swift in Sources */ = {isa = PBXBuildFile; fileRef = A026EC6D1E564B6100DAA5A5 /* Tasks.swift */; };
		A026EC711E564DAB00DAA5A5 /* TasksTableViewController.swift in Sources */ = {isa = PBXBuildFile; fileRef = A026EC701E564DAB00DAA5A5 /* TasksTableViewController.swift */; };
		A0AF506D1E5AA3F4002C9139 /* TasksTableViewCell.swift in Sources */ = {isa = PBXBuildFile; fileRef = A0AF506C1E5AA3F4002C9139 /* TasksTableViewCell.swift */; };
/* End PBXBuildFile section */

/* Begin PBXContainerItemProxy section */
		A0198AA41E4260750029F087 /* PBXContainerItemProxy */ = {
			isa = PBXContainerItemProxy;
			containerPortal = A0198A871E4260740029F087 /* Project object */;
			proxyType = 1;
			remoteGlobalIDString = A0198A8E1E4260740029F087;
			remoteInfo = todoList;
		};
/* End PBXContainerItemProxy section */

/* Begin PBXFileReference section */
		A0198A8F1E4260750029F087 /* todoList.app */ = {isa = PBXFileReference; explicitFileType = wrapper.application; includeInIndex = 0; path = todoList.app; sourceTree = BUILT_PRODUCTS_DIR; };
		A0198A921E4260750029F087 /* AppDelegate.swift */ = {isa = PBXFileReference; lastKnownFileType = sourcecode.swift; path = AppDelegate.swift; sourceTree = "<group>"; };
		A0198A941E4260750029F087 /* ViewController.swift */ = {isa = PBXFileReference; lastKnownFileType = sourcecode.swift; path = ViewController.swift; sourceTree = "<group>"; };
		A0198A971E4260750029F087 /* Base */ = {isa = PBXFileReference; lastKnownFileType = file.storyboard; name = Base; path = Base.lproj/Main.storyboard; sourceTree = "<group>"; };
		A0198A991E4260750029F087 /* Assets.xcassets */ = {isa = PBXFileReference; lastKnownFileType = folder.assetcatalog; path = Assets.xcassets; sourceTree = "<group>"; };
		A0198A9C1E4260750029F087 /* Base */ = {isa = PBXFileReference; lastKnownFileType = file.storyboard; name = Base; path = Base.lproj/LaunchScreen.storyboard; sourceTree = "<group>"; };
		A0198A9E1E4260750029F087 /* Info.plist */ = {isa = PBXFileReference; lastKnownFileType = text.plist.xml; path = Info.plist; sourceTree = "<group>"; };
		A0198AA31E4260750029F087 /* todoListTests.xctest */ = {isa = PBXFileReference; explicitFileType = wrapper.cfbundle; includeInIndex = 0; path = todoListTests.xctest; sourceTree = BUILT_PRODUCTS_DIR; };
		A0198AA71E4260750029F087 /* todoListTests.swift */ = {isa = PBXFileReference; lastKnownFileType = sourcecode.swift; path = todoListTests.swift; sourceTree = "<group>"; };
		A0198AA91E4260750029F087 /* Info.plist */ = {isa = PBXFileReference; lastKnownFileType = text.plist.xml; path = Info.plist; sourceTree = "<group>"; };
		A026EC6D1E564B6100DAA5A5 /* Tasks.swift */ = {isa = PBXFileReference; fileEncoding = 4; lastKnownFileType = sourcecode.swift; path = Tasks.swift; sourceTree = "<group>"; };
		A026EC701E564DAB00DAA5A5 /* TasksTableViewController.swift */ = {isa = PBXFileReference; fileEncoding = 4; lastKnownFileType = sourcecode.swift; path = TasksTableViewController.swift; sourceTree = "<group>"; };
		A0AF506C1E5AA3F4002C9139 /* TasksTableViewCell.swift */ = {isa = PBXFileReference; fileEncoding = 4; lastKnownFileType = sourcecode.swift; path = TasksTableViewCell.swift; sourceTree = "<group>"; };
/* End PBXFileReference section */

/* Begin PBXFrameworksBuildPhase section */
		A0198A8C1E4260740029F087 /* Frameworks */ = {
			isa = PBXFrameworksBuildPhase;
			buildActionMask = 2147483647;
			files = (
			);
			runOnlyForDeploymentPostprocessing = 0;
		};
		A0198AA01E4260750029F087 /* Frameworks */ = {
			isa = PBXFrameworksBuildPhase;
			buildActionMask = 2147483647;
			files = (
			);
			runOnlyForDeploymentPostprocessing = 0;
		};
/* End PBXFrameworksBuildPhase section */

/* Begin PBXGroup section */
		A0198A861E4260740029F087 = {
			isa = PBXGroup;
			children = (
				A026EC6F1E564D7F00DAA5A5 /* Controllers */,
				A026EC6C1E5649B200DAA5A5 /* Models */,
				A0198A911E4260750029F087 /* todoList */,
				A0198AA61E4260750029F087 /* todoListTests */,
				A0198A901E4260750029F087 /* Products */,
			);
			sourceTree = "<group>";
		};
		A0198A901E4260750029F087 /* Products */ = {
			isa = PBXGroup;
			children = (
				A0198A8F1E4260750029F087 /* todoList.app */,
				A0198AA31E4260750029F087 /* todoListTests.xctest */,
			);
			name = Products;
			sourceTree = "<group>";
		};
		A0198A911E4260750029F087 /* todoList */ = {
			isa = PBXGroup;
			children = (
				A0198A921E4260750029F087 /* AppDelegate.swift */,
				A0198A941E4260750029F087 /* ViewController.swift */,
				A0198A961E4260750029F087 /* Main.storyboard */,
				A0198A991E4260750029F087 /* Assets.xcassets */,
				A0198A9B1E4260750029F087 /* LaunchScreen.storyboard */,
				A0198A9E1E4260750029F087 /* Info.plist */,
			);
			path = todoList;
			sourceTree = "<group>";
		};
		A0198AA61E4260750029F087 /* todoListTests */ = {
			isa = PBXGroup;
			children = (
				A0198AA71E4260750029F087 /* todoListTests.swift */,
				A0198AA91E4260750029F087 /* Info.plist */,
			);
			path = todoListTests;
			sourceTree = "<group>";
		};
		A026EC6C1E5649B200DAA5A5 /* Models */ = {
			isa = PBXGroup;
			children = (
				A026EC6D1E564B6100DAA5A5 /* Tasks.swift */,
			);
			name = Models;
			sourceTree = "<group>";
		};
		A026EC6F1E564D7F00DAA5A5 /* Controllers */ = {
			isa = PBXGroup;
			children = (
				A026EC701E564DAB00DAA5A5 /* TasksTableViewController.swift */,
				A0AF506C1E5AA3F4002C9139 /* TasksTableViewCell.swift */,
			);
			name = Controllers;
			sourceTree = "<group>";
		};
/* End PBXGroup section */

/* Begin PBXNativeTarget section */
		A0198A8E1E4260740029F087 /* todoList */ = {
			isa = PBXNativeTarget;
			buildConfigurationList = A0198AAC1E4260750029F087 /* Build configuration list for PBXNativeTarget "todoList" */;
			buildPhases = (
				A0198A8B1E4260740029F087 /* Sources */,
				A0198A8C1E4260740029F087 /* Frameworks */,
				A0198A8D1E4260740029F087 /* Resources */,
			);
			buildRules = (
			);
			dependencies = (
			);
			name = todoList;
			productName = todoList;
			productReference = A0198A8F1E4260750029F087 /* todoList.app */;
			productType = "com.apple.product-type.application";
		};
		A0198AA21E4260750029F087 /* todoListTests */ = {
			isa = PBXNativeTarget;
			buildConfigurationList = A0198AAF1E4260750029F087 /* Build configuration list for PBXNativeTarget "todoListTests" */;
			buildPhases = (
				A0198A9F1E4260750029F087 /* Sources */,
				A0198AA01E4260750029F087 /* Frameworks */,
				A0198AA11E4260750029F087 /* Resources */,
			);
			buildRules = (
			);
			dependencies = (
				A0198AA51E4260750029F087 /* PBXTargetDependency */,
			);
			name = todoListTests;
			productName = todoListTests;
			productReference = A0198AA31E4260750029F087 /* todoListTests.xctest */;
			productType = "com.apple.product-type.bundle.unit-test";
		};
/* End PBXNativeTarget section */

/* Begin PBXProject section */
		A0198A871E4260740029F087 /* Project object */ = {
			isa = PBXProject;
			attributes = {
				LastSwiftUpdateCheck = 0820;
				LastUpgradeCheck = 0820;
				ORGANIZATIONNAME = luis;
				TargetAttributes = {
					A0198A8E1E4260740029F087 = {
						CreatedOnToolsVersion = 8.2.1;
						DevelopmentTeam = 4Z42C6E4Z4;
						ProvisioningStyle = Automatic;
					};
					A0198AA21E4260750029F087 = {
						CreatedOnToolsVersion = 8.2.1;
						DevelopmentTeam = 4Z42C6E4Z4;
						ProvisioningStyle = Automatic;
						TestTargetID = A0198A8E1E4260740029F087;
					};
				};
			};
			buildConfigurationList = A0198A8A1E4260740029F087 /* Build configuration list for PBXProject "todoList" */;
			compatibilityVersion = "Xcode 3.2";
			developmentRegion = English;
			hasScannedForEncodings = 0;
			knownRegions = (
				en,
				Base,
			);
			mainGroup = A0198A861E4260740029F087;
			productRefGroup = A0198A901E4260750029F087 /* Products */;
			projectDirPath = "";
			projectRoot = "";
			targets = (
				A0198A8E1E4260740029F087 /* todoList */,
				A0198AA21E4260750029F087 /* todoListTests */,
			);
		};
/* End PBXProject section */

/* Begin PBXResourcesBuildPhase section */
		A0198A8D1E4260740029F087 /* Resources */ = {
			isa = PBXResourcesBuildPhase;
			buildActionMask = 2147483647;
			files = (
				A0198A9D1E4260750029F087 /* LaunchScreen.storyboard in Resources */,
				A0198A9A1E4260750029F087 /* Assets.xcassets in Resources */,
				A0198A981E4260750029F087 /* Main.storyboard in Resources */,
			);
			runOnlyForDeploymentPostprocessing = 0;
		};
		A0198AA11E4260750029F087 /* Resources */ = {
			isa = PBXResourcesBuildPhase;
			buildActionMask = 2147483647;
			files = (
			);
			runOnlyForDeploymentPostprocessing = 0;
		};
/* End PBXResourcesBuildPhase section */

/* Begin PBXSourcesBuildPhase section */
		A0198A8B1E4260740029F087 /* Sources */ = {
			isa = PBXSourcesBuildPhase;
			buildActionMask = 2147483647;
			files = (
				A0198A951E4260750029F087 /* ViewController.swift in Sources */,
				A0AF506D1E5AA3F4002C9139 /* TasksTableViewCell.swift in Sources */,
				A026EC6E1E564B6100DAA5A5 /* Tasks.swift in Sources */,
				A026EC711E564DAB00DAA5A5 /* TasksTableViewController.swift in Sources */,
				A0198A931E4260750029F087 /* AppDelegate.swift in Sources */,
			);
			runOnlyForDeploymentPostprocessing = 0;
		};
		A0198A9F1E4260750029F087 /* Sources */ = {
			isa = PBXSourcesBuildPhase;
			buildActionMask = 2147483647;
			files = (
				A0198AA81E4260750029F087 /* todoListTests.swift in Sources */,
			);
			runOnlyForDeploymentPostprocessing = 0;
		};
/* End PBXSourcesBuildPhase section */

/* Begin PBXTargetDependency section */
		A0198AA51E4260750029F087 /* PBXTargetDependency */ = {
			isa = PBXTargetDependency;
			target = A0198A8E1E4260740029F087 /* todoList */;
			targetProxy = A0198AA41E4260750029F087 /* PBXContainerItemProxy */;
		};
/* End PBXTargetDependency section */

/* Begin PBXVariantGroup section */
		A0198A961E4260750029F087 /* Main.storyboard */ = {
			isa = PBXVariantGroup;
			children = (
				A0198A971E4260750029F087 /* Base */,
			);
			name = Main.storyboard;
			sourceTree = "<group>";
		};
		A0198A9B1E4260750029F087 /* LaunchScreen.storyboard */ = {
			isa = PBXVariantGroup;
			children = (
				A0198A9C1E4260750029F087 /* Base */,
			);
			name = LaunchScreen.storyboard;
			sourceTree = "<group>";
		};
/* End PBXVariantGroup section */

/* Begin XCBuildConfiguration section */
		A0198AAA1E4260750029F087 /* Debug */ = {
			isa = XCBuildConfiguration;
			buildSettings = {
				ALWAYS_SEARCH_USER_PATHS = NO;
				CLANG_ANALYZER_NONNULL = YES;
				CLANG_CXX_LANGUAGE_STANDARD = "gnu++0x";
				CLANG_CXX_LIBRARY = "libc++";
				CLANG_ENABLE_MODULES = YES;
				CLANG_ENABLE_OBJC_ARC = YES;
				CLANG_WARN_BOOL_CONVERSION = YES;
				CLANG_WARN_CONSTANT_CONVERSION = YES;
				CLANG_WARN_DIRECT_OBJC_ISA_USAGE = YES_ERROR;
				CLANG_WARN_DOCUMENTATION_COMMENTS = YES;
				CLANG_WARN_EMPTY_BODY = YES;
				CLANG_WARN_ENUM_CONVERSION = YES;
				CLANG_WARN_INFINITE_RECURSION = YES;
				CLANG_WARN_INT_CONVERSION = YES;
				CLANG_WARN_OBJC_ROOT_CLASS = YES_ERROR;
				CLANG_WARN_SUSPICIOUS_MOVE = YES;
				CLANG_WARN_UNREACHABLE_CODE = YES;
				CLANG_WARN__DUPLICATE_METHOD_MATCH = YES;
				"CODE_SIGN_IDENTITY[sdk=iphoneos*]" = "iPhone Developer";
				COPY_PHASE_STRIP = NO;
				DEBUG_INFORMATION_FORMAT = dwarf;
				ENABLE_STRICT_OBJC_MSGSEND = YES;
				ENABLE_TESTABILITY = YES;
				GCC_C_LANGUAGE_STANDARD = gnu99;
				GCC_DYNAMIC_NO_PIC = NO;
				GCC_NO_COMMON_BLOCKS = YES;
				GCC_OPTIMIZATION_LEVEL = 0;
				GCC_PREPROCESSOR_DEFINITIONS = (
					"DEBUG=1",
					"$(inherited)",
				);
				GCC_WARN_64_TO_32_BIT_CONVERSION = YES;
				GCC_WARN_ABOUT_RETURN_TYPE = YES_ERROR;
				GCC_WARN_UNDECLARED_SELECTOR = YES;
				GCC_WARN_UNINITIALIZED_AUTOS = YES_AGGRESSIVE;
				GCC_WARN_UNUSED_FUNCTION = YES;
				GCC_WARN_UNUSED_VARIABLE = YES;
				IPHONEOS_DEPLOYMENT_TARGET = 10.2;
				MTL_ENABLE_DEBUG_INFO = YES;
				ONLY_ACTIVE_ARCH = YES;
				SDKROOT = iphoneos;
				SWIFT_ACTIVE_COMPILATION_CONDITIONS = DEBUG;
				SWIFT_OPTIMIZATION_LEVEL = "-Onone";
				TARGETED_DEVICE_FAMILY = "1,2";
			};
			name = Debug;
		};
		A0198AAB1E4260750029F087 /* Release */ = {
			isa = XCBuildConfiguration;
			buildSettings = {
				ALWAYS_SEARCH_USER_PATHS = NO;
				CLANG_ANALYZER_NONNULL = YES;
				CLANG_CXX_LANGUAGE_STANDARD = "gnu++0x";
				CLANG_CXX_LIBRARY = "libc++";
				CLANG_ENABLE_MODULES = YES;
				CLANG_ENABLE_OBJC_ARC = YES;
				CLANG_WARN_BOOL_CONVERSION = YES;
				CLANG_WARN_CONSTANT_CONVERSION = YES;
				CLANG_WARN_DIRECT_OBJC_ISA_USAGE = YES_ERROR;
				CLANG_WARN_DOCUMENTATION_COMMENTS = YES;
				CLANG_WARN_EMPTY_BODY = YES;
				CLANG_WARN_ENUM_CONVERSION = YES;
				CLANG_WARN_INFINITE_RECURSION = YES;
				CLANG_WARN_INT_CONVERSION = YES;
				CLANG_WARN_OBJC_ROOT_CLASS = YES_ERROR;
				CLANG_WARN_SUSPICIOUS_MOVE = YES;
				CLANG_WARN_UNREACHABLE_CODE = YES;
				CLANG_WARN__DUPLICATE_METHOD_MATCH = YES;
				"CODE_SIGN_IDENTITY[sdk=iphoneos*]" = "iPhone Developer";
				COPY_PHASE_STRIP = NO;
				DEBUG_INFORMATION_FORMAT = "dwarf-with-dsym";
				ENABLE_NS_ASSERTIONS = NO;
				ENABLE_STRICT_OBJC_MSGSEND = YES;
				GCC_C_LANGUAGE_STANDARD = gnu99;
				GCC_NO_COMMON_BLOCKS = YES;
				GCC_WARN_64_TO_32_BIT_CONVERSION = YES;
				GCC_WARN_ABOUT_RETURN_TYPE = YES_ERROR;
				GCC_WARN_UNDECLARED_SELECTOR = YES;
				GCC_WARN_UNINITIALIZED_AUTOS = YES_AGGRESSIVE;
				GCC_WARN_UNUSED_FUNCTION = YES;
				GCC_WARN_UNUSED_VARIABLE = YES;
				IPHONEOS_DEPLOYMENT_TARGET = 10.2;
				MTL_ENABLE_DEBUG_INFO = NO;
				SDKROOT = iphoneos;
				SWIFT_OPTIMIZATION_LEVEL = "-Owholemodule";
				TARGETED_DEVICE_FAMILY = "1,2";
				VALIDATE_PRODUCT = YES;
			};
			name = Release;
		};
		A0198AAD1E4260750029F087 /* Debug */ = {
			isa = XCBuildConfiguration;
			buildSettings = {
				ASSETCATALOG_COMPILER_APPICON_NAME = AppIcon;
				DEVELOPMENT_TEAM = 4Z42C6E4Z4;
				INFOPLIST_FILE = todoList/Info.plist;
				LD_RUNPATH_SEARCH_PATHS = "$(inherited) @executable_path/Frameworks";
				PRODUCT_BUNDLE_IDENTIFIER = luisesquivel.com.todoList;
				PRODUCT_NAME = "$(TARGET_NAME)";
				SWIFT_VERSION = 3.0;
			};
			name = Debug;
		};
		A0198AAE1E4260750029F087 /* Release */ = {
			isa = XCBuildConfiguration;
			buildSettings = {
				ASSETCATALOG_COMPILER_APPICON_NAME = AppIcon;
				DEVELOPMENT_TEAM = 4Z42C6E4Z4;
				INFOPLIST_FILE = todoList/Info.plist;
				LD_RUNPATH_SEARCH_PATHS = "$(inherited) @executable_path/Frameworks";
				PRODUCT_BUNDLE_IDENTIFIER = luisesquivel.com.todoList;
				PRODUCT_NAME = "$(TARGET_NAME)";
				SWIFT_VERSION = 3.0;
			};
			name = Release;
		};
		A0198AB01E4260750029F087 /* Debug */ = {
			isa = XCBuildConfiguration;
			buildSettings = {
				ALWAYS_EMBED_SWIFT_STANDARD_LIBRARIES = YES;
				BUNDLE_LOADER = "$(TEST_HOST)";
				DEVELOPMENT_TEAM = 4Z42C6E4Z4;
				INFOPLIST_FILE = todoListTests/Info.plist;
				LD_RUNPATH_SEARCH_PATHS = "$(inherited) @executable_path/Frameworks @loader_path/Frameworks";
				PRODUCT_BUNDLE_IDENTIFIER = luisesquivel.com.todoListTests;
				PRODUCT_NAME = "$(TARGET_NAME)";
				SWIFT_VERSION = 3.0;
				TEST_HOST = "$(BUILT_PRODUCTS_DIR)/todoList.app/todoList";
			};
			name = Debug;
		};
		A0198AB11E4260750029F087 /* Release */ = {
			isa = XCBuildConfiguration;
			buildSettings = {
				ALWAYS_EMBED_SWIFT_STANDARD_LIBRARIES = YES;
				BUNDLE_LOADER = "$(TEST_HOST)";
				DEVELOPMENT_TEAM = 4Z42C6E4Z4;
				INFOPLIST_FILE = todoListTests/Info.plist;
				LD_RUNPATH_SEARCH_PATHS = "$(inherited) @executable_path/Frameworks @loader_path/Frameworks";
				PRODUCT_BUNDLE_IDENTIFIER = luisesquivel.com.todoListTests;
				PRODUCT_NAME = "$(TARGET_NAME)";
				SWIFT_VERSION = 3.0;
				TEST_HOST = "$(BUILT_PRODUCTS_DIR)/todoList.app/todoList";
			};
			name = Release;
		};
/* End XCBuildConfiguration section */

/* Begin XCConfigurationList section */
		A0198A8A1E4260740029F087 /* Build configuration list for PBXProject "todoList" */ = {
			isa = XCConfigurationList;
			buildConfigurations = (
				A0198AAA1E4260750029F087 /* Debug */,
				A0198AAB1E4260750029F087 /* Release */,
			);
			defaultConfigurationIsVisible = 0;
			defaultConfigurationName = Release;
		};
		A0198AAC1E4260750029F087 /* Build configuration list for PBXNativeTarget "todoList" */ = {
			isa = XCConfigurationList;
			buildConfigurations = (
				A0198AAD1E4260750029F087 /* Debug */,
				A0198AAE1E4260750029F087 /* Release */,
			);
			defaultConfigurationIsVisible = 0;
			defaultConfigurationName = Release;
		};
		A0198AAF1E4260750029F087 /* Build configuration list for PBXNativeTarget "todoListTests" */ = {
			isa = XCConfigurationList;
			buildConfigurations = (
				A0198AB01E4260750029F087 /* Debug */,
				A0198AB11E4260750029F087 /* Release */,
			);
			defaultConfigurationIsVisible = 0;
			defaultConfigurationName = Release;
		};
/* End XCConfigurationList section */
	};
	rootObject = A0198A871E4260740029F087 /* Project object */;
}
